{
  "name": "benchmarks",
  "version": "1.0.0",
  "lockfileVersion": 3,
  "requires": true,
  "packages": {
    "": {
      "name": "benchmarks",
      "version": "1.0.0",
      "license": "ISC",
      "dependencies": {
        "@orama/orama": "^3.1.18",
        "@zbsearch/plugin-pt15": "file:../packages/plugin-pt15",
        "@zbsearch/plugin-qps": "file:../packages/plugin-qps",
        "@zbsearch/stemmers": "file:../packages/stemmers",
        "@zbsearch/stopwords": "file:../packages/stopwords",
        "flexsearch": "^0.8.212",
        "fuse.js": "^7.5.0",
        "lunr": "^2.3.9",
        "minisearch": "^7.2.0",
        "zbsearch": "file:../packages/zbsearch"
      },
      "devDependencies": {
        "benny": "^3.7.1",
        "esbuild": "^0.28.1"
      }
    },
    "../node_modules/.pnpm/@playwright+test@1.61.1/node_modules/@playwright/test": {
      "version": "1.61.1",
      "dev": true,
      "license": "Apache-2.0",
      "dependencies": {
        "playwright": "1.61.1"
      },
      "bin": {
        "playwright": "cli.js"
      },
      "engines": {
        "node": ">=18"
      }
    },
    "../node_modules/.pnpm/@swc+cli@0.1.65_@swc+core@1.15.43_chokidar@3.6.0/node_modules/@swc/cli": {
      "version": "0.1.65",
      "dev": true,
      "license": "MIT",
      "dependencies": {
        "@mole-inc/bin-wrapper": "^8.0.1",
        "commander": "^7.1.0",
        "fast-glob": "^3.2.5",
        "minimatch": "^9.0.3",
        "semver": "^7.3.8",
        "slash": "3.0.0",
        "source-map": "^0.7.3"
      },
      "bin": {
        "spack": "bin/spack.js",
        "swc": "bin/swc.js",
        "swcx": "bin/swcx.js"
      },
      "devDependencies": {
        "@swc/cli": "^0.1.43",
        "@swc/core": "^1.2.66",
        "@swc/jest": "^0.1.2",
        "@types/jest": "^29.5.0",
        "@types/node": "^12.19.16",
        "@types/semver": "^7.3.13",
        "chokidar": "^3.5.1",
        "deepmerge": "^4.2.2",
        "jest": "^29.5.0",
        "nano-staged": "^0.4.5",
        "prettier": "^2.5.1",
        "simple-git-hooks": "^2.7.0",
        "ts-jest": "^29.0.5",
        "typescript": "~4.3.2"
      },
      "engines": {
        "node": ">= 12.13"
      },
      "peerDependencies": {
        "@swc/core": "^1.2.66",
        "chokidar": "^3.5.1"
      },
      "peerDependenciesMeta": {
        "chokidar": {
          "optional": true
        }
      }
    },
    "../node_modules/.pnpm/@swc+core@1.15.43/node_modules/@swc/core": {
      "version": "1.15.43",
      "dev": true,
      "hasInstallScript": true,
      "license": "Apache-2.0",
      "dependencies": {
        "@swc/counter": "^0.1.3",
        "@swc/types": "^0.1.27"
      },
      "devDependencies": {
        "@napi-rs/cli": "^3.2.0",
        "@rstest/core": "^0.7.8",
        "cross-env": "^7.0.3",
        "typescript": "^5.3.3"
      },
      "engines": {
        "node": ">=10"
      },
      "funding": {
        "type": "opencollective",
        "url": "https://opencollective.com/swc"
      },
      "optionalDependencies": {
        "@swc/core-darwin-arm64": "1.15.43",
        "@swc/core-darwin-x64": "1.15.43",
        "@swc/core-linux-arm-gnueabihf": "1.15.43",
        "@swc/core-linux-arm64-gnu": "1.15.43",
        "@swc/core-linux-arm64-musl": "1.15.43",
        "@swc/core-linux-ppc64-gnu": "1.15.43",
        "@swc/core-linux-s390x-gnu": "1.15.43",
        "@swc/core-linux-x64-gnu": "1.15.43",
        "@swc/core-linux-x64-musl": "1.15.43",
        "@swc/core-win32-arm64-msvc": "1.15.43",
        "@swc/core-win32-ia32-msvc": "1.15.43",
        "@swc/core-win32-x64-msvc": "1.15.43"
      },
      "peerDependencies": {
        "@swc/helpers": ">=0.5.17"
      },
      "peerDependenciesMeta": {
        "@swc/helpers": {
          "optional": true
        }
      }
    },
    "../node_modules/.pnpm/@types+node@20.19.43/node_modules/@types/node": {
      "version": "20.19.43",
      "dev": true,
      "license": "MIT",
      "dependencies": {
        "undici-types": "~6.21.0"
      }
    },
    "../node_modules/.pnpm/@types+tap@15.0.12/node_modules/@types/tap": {
      "version": "15.0.12",
      "dev": true,
      "license": "MIT",
      "dependencies": {
        "@types/node": "*"
      }
    },
    "../node_modules/.pnpm/auto-changelog@2.6.0/node_modules/auto-changelog": {
      "version": "2.6.0",
      "dev": true,
      "license": "MIT",
      "dependencies": {
        "commander": "^7.2.0",
        "handlebars": "^4.7.9",
        "import-cwd": "^3.0.0",
        "parse-github-url": "^1.0.4",
        "semver": "^7.8.1"
      },
      "bin": {
        "auto-changelog": "src/index.js"
      },
      "devDependencies": {
        "@babel/core": "^7.29.7",
        "@babel/register": "^7.29.7",
        "babel-plugin-istanbul": "^6.1.1",
        "babel-plugin-rewire": "^1.2.0",
        "codecov": "^3.8.3",
        "cross-env": "^7.0.3",
        "markdownlint-cli": "^0.48.0",
        "npmignore": "^0.3.5",
        "nyc": "^15.1.0",
        "snazzy": "^9.0.0",
        "standard": "^16.0.4",
        "tape": "^5.9.0"
      },
      "engines": {
        "node": ">= 10"
      }
    },
    "../node_modules/.pnpm/benny@3.7.1/node_modules/benny": {
      "version": "3.7.1",
      "dev": true,
      "license": "ISC",
      "dependencies": {
        "@arrows/composition": "^1.0.0",
        "@arrows/dispatch": "^1.0.2",
        "@arrows/multimethod": "^1.1.6",
        "benchmark": "^2.1.4",
        "common-tags": "^1.8.0",
        "fs-extra": "^10.0.0",
        "json2csv": "^5.0.6",
        "kleur": "^4.1.4",
        "log-update": "^4.0.0"
      },
      "devDependencies": {
        "@types/benchmark": "^2.1.1",
        "@types/common-tags": "^1.8.1",
        "@types/fs-extra": "^9.0.13",
        "@types/jest": "^27.0.2",
        "@types/json2csv": "^5.0.3",
        "@types/node": "^16.10.2",
        "@types/prettier": "^2.4.1",
        "@typescript-eslint/eslint-plugin": "^4.32.0",
        "@typescript-eslint/parser": "^4.32.0",
        "codecov": "^3.8.3",
        "csvtojson": "^2.0.10",
        "eslint": "^7.32.0",
        "gramma": "^1.5.0",
        "jest": "^27.2.4",
        "jsdom": "^17.0.0",
        "prettier": "^2.4.1",
        "ts-jest": "^27.0.5",
        "tslint-config-prettier": "^1.18.0",
        "typescript": "^4.4.3"
      },
      "engines": {
        "node": ">=12"
      }
    },
    "../node_modules/.pnpm/c8@7.14.0/node_modules/c8": {
      "version": "7.14.0",
      "dev": true,
      "license": "ISC",
      "dependencies": {
        "@bcoe/v8-coverage": "^0.2.3",
        "@istanbuljs/schema": "^0.1.3",
        "find-up": "^5.0.0",
        "foreground-child": "^2.0.0",
        "istanbul-lib-coverage": "^3.2.0",
        "istanbul-lib-report": "^3.0.0",
        "istanbul-reports": "^3.1.4",
        "rimraf": "^3.0.2",
        "test-exclude": "^6.0.0",
        "v8-to-istanbul": "^9.0.0",
        "yargs": "^16.2.0",
        "yargs-parser": "^20.2.9"
      },
      "bin": {
        "c8": "bin/c8.js"
      },
      "devDependencies": {
        "@types/node": "^18.0.0",
        "chai": "^4.3.6",
        "chai-jest-snapshot": "^2.0.0",
        "cross-env": "^7.0.3",
        "mocha": "^9.2.2",
        "standard": "^16.0.4",
        "ts-node": "^10.7.0",
        "typescript": "^4.6.2"
      },
      "engines": {
        "node": ">=10.12.0"
      }
    },
    "../node_modules/.pnpm/glob@9.3.5/node_modules/glob": {
      "version": "9.3.5",
      "dev": true,
      "license": "ISC",
      "dependencies": {
        "fs.realpath": "^1.0.0",
        "minimatch": "^8.0.2",
        "minipass": "^4.2.4",
        "path-scurry": "^1.6.1"
      },
      "devDependencies": {
        "@types/node": "^18.11.18",
        "@types/tap": "^15.0.7",
        "c8": "^7.12.0",
        "memfs": "^3.4.13",
        "mkdirp": "^2.1.4",
        "prettier": "^2.8.3",
        "rimraf": "^4.1.3",
        "tap": "^16.3.4",
        "ts-node": "^10.9.1",
        "typedoc": "^0.23.24",
        "typescript": "^4.9.4"
      },
      "engines": {
        "node": ">=16 || 14 >=14.17"
      },
      "funding": {
        "url": "https://github.com/sponsors/isaacs"
      }
    },
    "../node_modules/.pnpm/tap-mocha-reporter@5.0.4/node_modules/tap-mocha-reporter": {
      "version": "5.0.4",
      "dev": true,
      "license": "ISC",
      "dependencies": {
        "color-support": "^1.1.0",
        "debug": "^4.1.1",
        "diff": "^4.0.1",
        "escape-string-regexp": "^2.0.0",
        "glob": "^7.0.5",
        "tap-parser": "^11.0.0",
        "tap-yaml": "^1.0.0",
        "unicode-length": "^2.0.2"
      },
      "bin": {
        "tap-mocha-reporter": "index.js"
      },
      "devDependencies": {
        "tap": "^15.2.2"
      },
      "engines": {
        "node": ">= 8"
      }
    },
    "../node_modules/.pnpm/tap@21.7.4_@swc+core@1.15.43_@types+node@20.19.43_@types+react@19.2.17_react-dom@19.2.7_11da484e72193e674ee3ccd9925fc9e5/node_modules/tap": {
      "version": "21.7.4",
      "dev": true,
      "license": "BlueOak-1.0.0",
      "dependencies": {
        "@tapjs/after": "3.3.10",
        "@tapjs/after-each": "4.3.10",
        "@tapjs/asserts": "4.3.10",
        "@tapjs/before": "4.3.10",
        "@tapjs/before-each": "4.3.10",
        "@tapjs/chdir": "3.3.10",
        "@tapjs/core": "4.5.8",
        "@tapjs/filter": "4.3.10",
        "@tapjs/fixture": "4.3.10",
        "@tapjs/intercept": "4.3.10",
        "@tapjs/mock": "4.4.8",
        "@tapjs/node-serialize": "4.3.10",
        "@tapjs/run": "4.5.8",
        "@tapjs/snapshot": "4.3.10",
        "@tapjs/spawn": "4.3.10",
        "@tapjs/stdin": "4.3.10",
        "@tapjs/test": "4.4.8",
        "@tapjs/typescript": "3.5.10",
        "@tapjs/worker": "4.3.10",
        "resolve-import": "^2.4.0"
      },
      "bin": {
        "tap": "dist/esm/run.mjs"
      },
      "engines": {
        "node": "20 || >=22"
      },
      "funding": {
        "url": "https://github.com/sponsors/isaacs"
      }
    },
    "../node_modules/.pnpm/tap@21.7.4_@swc+core@1.15.43_@types+node@20.19.43_@types+react@19.2.17_react-dom@19.2.7_1401d11cbae6694c441528b395897b99/node_modules/tap": {
      "version": "21.7.4",
      "dev": true,
      "license": "BlueOak-1.0.0",
      "dependencies": {
        "@tapjs/after": "3.3.10",
        "@tapjs/after-each": "4.3.10",
        "@tapjs/asserts": "4.3.10",
        "@tapjs/before": "4.3.10",
        "@tapjs/before-each": "4.3.10",
        "@tapjs/chdir": "3.3.10",
        "@tapjs/core": "4.5.8",
        "@tapjs/filter": "4.3.10",
        "@tapjs/fixture": "4.3.10",
        "@tapjs/intercept": "4.3.10",
        "@tapjs/mock": "4.4.8",
        "@tapjs/node-serialize": "4.3.10",
        "@tapjs/run": "4.5.8",
        "@tapjs/snapshot": "4.3.10",
        "@tapjs/spawn": "4.3.10",
        "@tapjs/stdin": "4.3.10",
        "@tapjs/test": "4.4.8",
        "@tapjs/typescript": "3.5.10",
        "@tapjs/worker": "4.3.10",
        "resolve-import": "^2.4.0"
      },
      "bin": {
        "tap": "dist/esm/run.mjs"
      },
      "engines": {
        "node": "20 || >=22"
      },
      "funding": {
        "url": "https://github.com/sponsors/isaacs"
      }
    },
    "../node_modules/.pnpm/tape@5.10.2/node_modules/tape": {
      "version": "5.10.2",
      "dev": true,
      "license": "MIT",
      "dependencies": {
        "@ljharb/now": "^1.0.1",
        "@ljharb/resumer": "^0.1.3",
        "@ljharb/through": "^2.3.14",
        "array.prototype.every": "^1.1.7",
        "call-bind": "^1.0.9",
        "call-bound": "^1.0.4",
        "deep-equal": "^2.2.3",
        "defined": "^1.0.1",
        "dotignore": "^0.1.2",
        "es-object-atoms": "^1.1.2",
        "for-each": "^0.3.5",
        "get-package-type": "^0.1.0",
        "glob": "^7.2.3",
        "has-dynamic-import": "^2.1.1",
        "hasown": "^2.0.4",
        "inherits": "^2.0.4",
        "is-regex": "^1.2.1",
        "minimist": "^1.2.8",
        "mock-property": "^1.1.0",
        "object-inspect": "^1.13.4",
        "object-is": "^1.1.6",
        "object-keys": "^1.1.1",
        "object.assign": "^4.1.7",
        "resolve": "^2.0.0-next.7",
        "string.prototype.trim": "^1.2.11"
      },
      "bin": {
        "tape": "bin/tape"
      },
      "devDependencies": {
        "@arethetypeswrong/cli": "^0.18.3",
        "@ljharb/eslint-config": "^22.2.3",
        "@ljharb/tsconfig": "^0.3.2",
        "@types/array.prototype.every": "^1.1.1",
        "@types/array.prototype.flatmap": "^1.2.6",
        "@types/call-bind": "^1.0.5",
        "@types/concat-stream": "^2.0.3",
        "@types/deep-equal": "^1.0.4",
        "@types/defined": "^1.0.2",
        "@types/falafel": "^2.2.2",
        "@types/get-package-type": "^0.1.0",
        "@types/glob": "^7.2.0",
        "@types/inherits": "^2.0.0",
        "@types/js-yaml": "^3.12.10",
        "@types/minimist": "^1.2.5",
        "@types/node": "^12.20.55",
        "@types/object-inspect": "^1.13.0",
        "@types/object-is": "^1.1.0",
        "@types/object-keys": "^1.0.3",
        "@types/object.assign": "^4.1.0",
        "@types/readable-stream": "^4.0.23",
        "@types/semver": "^6.2.7",
        "@types/string.prototype.trim": "^1.2.0",
        "@types/tap": "^14.10.3",
        "array.prototype.flatmap": "^1.3.3",
        "auto-changelog": "^2.6.0",
        "concat-stream": "^1.6.2",
        "cross-env": "^2.0.1",
        "eclint": "^2.8.1",
        "ecstatic": "^4.1.4",
        "es-value-fixtures": "^1.7.1",
        "eslint": "^10.5.0",
        "falafel": "^2.2.5",
        "jackspeak": "=2.1.1",
        "jiti": "^0.0.0",
        "js-yaml": "^3.14.0",
        "npm-run-posix-or-windows": "^2.0.2",
        "npmignore": "^0.3.5",
        "nyc": "^10.3.2",
        "safe-publish-latest": "^2.0.0",
        "semver": "^6.3.1",
        "tap": "^8.0.1",
        "tap-parser": "^5.4.0",
        "typescript": "next"
      },
      "funding": {
        "url": "https://github.com/sponsors/ljharb"
      }
    },
    "../node_modules/.pnpm/tcompare@6.4.6_react-dom@19.2.7_react@19.2.7__react@19.2.7/node_modules/tcompare": {
      "version": "6.4.6",
      "dev": true,
      "license": "BlueOak-1.0.0",
      "dependencies": {
        "diff": "^5.2.0",
        "react-element-to-jsx-string": "^15.0.0"
      },
      "engines": {
        "node": "16 >=16.17.0 || 18 >= 18.6.0 || >=20"
      }
    },
    "../node_modules/.pnpm/tsd@0.29.0/node_modules/tsd": {
      "version": "0.29.0",
      "dev": true,
      "license": "MIT",
      "dependencies": {
        "@tsd/typescript": "~5.2.2",
        "eslint-formatter-pretty": "^4.1.0",
        "globby": "^11.0.1",
        "jest-diff": "^29.0.3",
        "meow": "^9.0.0",
        "path-exists": "^4.0.0",
        "read-pkg-up": "^7.0.0"
      },
      "bin": {
        "tsd": "dist/cli.js"
      },
      "devDependencies": {
        "@ava/typescript": "^1.1.1",
        "@types/node": "^14.18.21",
        "@types/react": "^16.9.2",
        "@typescript-eslint/eslint-plugin": "^4.26.0",
        "@typescript-eslint/parser": "^4.26.0",
        "ava": "^3.8.2",
        "cpy-cli": "^3.0.0",
        "del-cli": "^3.0.0",
        "eslint": "^7.27.0",
        "eslint-config-xo": "^0.36.0",
        "eslint-config-xo-typescript": "^0.41.1",
        "execa": "^5.0.0",
        "react": "^16.9.0",
        "resolve-from": "^5.0.0",
        "rxjs": "^6.5.3",
        "typescript": "~4.9.5"
      },
      "engines": {
        "node": ">=14.16"
      }
    },
    "../node_modules/.pnpm/tshy@3.3.2/node_modules/tshy": {
      "version": "3.3.2",
      "dev": true,
      "license": "BlueOak-1.0.0",
      "dependencies": {
        "@typescript/native-preview": "^7.0.0-dev.20260218.1",
        "chalk": "^5.6.2",
        "chokidar": "^4.0.3",
        "foreground-child": "^4.0.0",
        "jsonc-simple-parser": "^3.0.0",
        "minimatch": "^10.0.3",
        "mkdirp": "^3.0.1",
        "polite-json": "^5.0.0",
        "resolve-import": "^2.4.0",
        "rimraf": "^6.1.2",
        "sync-content": "^2.0.3",
        "typescript": "^5.9.3",
        "walk-up-path": "^4.0.0"
      },
      "bin": {
        "tshy": "dist/esm/bin-min.mjs"
      },
      "devDependencies": {
        "@types/node": "^24.6.1",
        "esbuild": "^0.27.2",
        "prettier": "^3.6.2",
        "tap": "^21.1.4",
        "typedoc": "^0.28.14"
      },
      "engines": {
        "node": "20 || >=22"
      }
    },
    "../node_modules/.pnpm/tsup@7.2.0_@swc+core@1.15.43_postcss@8.5.16_typescript@5.9.3/node_modules/tsup": {
      "version": "7.2.0",
      "dev": true,
      "license": "MIT",
      "dependencies": {
        "bundle-require": "^4.0.0",
        "cac": "^6.7.12",
        "chokidar": "^3.5.1",
        "debug": "^4.3.1",
        "esbuild": "^0.18.2",
        "execa": "^5.0.0",
        "globby": "^11.0.3",
        "joycon": "^3.0.1",
        "postcss-load-config": "^4.0.1",
        "resolve-from": "^5.0.0",
        "rollup": "^3.2.5",
        "source-map": "0.8.0-beta.0",
        "sucrase": "^3.20.3",
        "tree-kill": "^1.2.2"
      },
      "bin": {
        "tsup": "dist/cli-default.js",
        "tsup-node": "dist/cli-node.js"
      },
      "devDependencies": {
        "@rollup/plugin-json": "5.0.1",
        "@swc/core": "1.2.218",
        "@types/debug": "4.1.7",
        "@types/flat": "5.0.2",
        "@types/fs-extra": "9.0.13",
        "@types/node": "14.18.12",
        "@types/resolve": "1.20.1",
        "colorette": "2.0.16",
        "consola": "2.15.3",
        "flat": "5.0.2",
        "fs-extra": "10.0.0",
        "postcss": "8.4.12",
        "postcss-simple-vars": "6.0.3",
        "prettier": "2.5.1",
        "resolve": "1.20.0",
        "rollup-plugin-dts": "5.3.0",
        "rollup-plugin-hashbang": "3.0.0",
        "sass": "1.62.1",
        "strip-json-comments": "4.0.0",
        "svelte": "3.46.4",
        "svelte-preprocess": "5.0.3",
        "terser": "^5.16.0",
        "ts-essentials": "9.1.2",
        "tsconfig-paths": "3.12.0",
        "tsup": "7.1.0",
        "typescript": "5.0.2",
        "vitest": "0.28.4",
        "wait-for-expect": "3.0.2"
      },
      "engines": {
        "node": ">=16.14"
      },
      "peerDependencies": {
        "@swc/core": "^1",
        "postcss": "^8.4.12",
        "typescript": ">=4.1.0"
      },
      "peerDependenciesMeta": {
        "@swc/core": {
          "optional": true
        },
        "postcss": {
          "optional": true
        },
        "typescript": {
          "optional": true
        }
      }
    },
    "../node_modules/.pnpm/tsx@3.14.0/node_modules/tsx": {
      "version": "3.14.0",
      "dev": true,
      "license": "MIT",
      "dependencies": {
        "esbuild": "~0.18.20",
        "get-tsconfig": "^4.7.2",
        "source-map-support": "^0.5.21"
      },
      "bin": {
        "tsx": "dist/cli.mjs"
      },
      "optionalDependencies": {
        "fsevents": "~2.3.3"
      }
    },
    "../node_modules/.pnpm/tsx@4.22.4/node_modules/tsx": {
      "version": "4.22.4",
      "dev": true,
      "license": "MIT",
      "dependencies": {
        "esbuild": "~0.28.0"
      },
      "bin": {
        "tsx": "dist/cli.mjs"
      },
      "engines": {
        "node": ">=18.0.0"
      },
      "optionalDependencies": {
        "fsevents": "~2.3.3"
      }
    },
    "../node_modules/.pnpm/typescript@5.9.3/node_modules/typescript": {
      "version": "5.9.3",
      "dev": true,
      "license": "Apache-2.0",
      "bin": {
        "tsc": "bin/tsc",
        "tsserver": "bin/tsserver"
      },
      "devDependencies": {
        "@dprint/formatter": "^0.4.1",
        "@dprint/typescript": "0.93.4",
        "@esfx/canceltoken": "^1.0.0",
        "@eslint/js": "^9.20.0",
        "@octokit/rest": "^21.1.1",
        "@types/chai": "^4.3.20",
        "@types/diff": "^7.0.1",
        "@types/minimist": "^1.2.5",
        "@types/mocha": "^10.0.10",
        "@types/ms": "^0.7.34",
        "@types/node": "latest",
        "@types/source-map-support": "^0.5.10",
        "@types/which": "^3.0.4",
        "@typescript-eslint/rule-tester": "^8.24.1",
        "@typescript-eslint/type-utils": "^8.24.1",
        "@typescript-eslint/utils": "^8.24.1",
        "azure-devops-node-api": "^14.1.0",
        "c8": "^10.1.3",
        "chai": "^4.5.0",
        "chokidar": "^4.0.3",
        "diff": "^7.0.0",
        "dprint": "^0.49.0",
        "esbuild": "^0.25.0",
        "eslint": "^9.20.1",
        "eslint-formatter-autolinkable-stylish": "^1.4.0",
        "eslint-plugin-regexp": "^2.7.0",
        "fast-xml-parser": "^4.5.2",
        "glob": "^10.4.5",
        "globals": "^15.15.0",
        "hereby": "^1.10.0",
        "jsonc-parser": "^3.3.1",
        "knip": "^5.44.4",
        "minimist": "^1.2.8",
        "mocha": "^10.8.2",
        "mocha-fivemat-progress-reporter": "^0.1.0",
        "monocart-coverage-reports": "^2.12.1",
        "ms": "^2.1.3",
        "picocolors": "^1.1.1",
        "playwright": "^1.50.1",
        "source-map-support": "^0.5.21",
        "tslib": "^2.8.1",
        "typescript": "^5.7.3",
        "typescript-eslint": "^8.24.1",
        "which": "^3.0.1"
      },
      "engines": {
        "node": ">=14.17"
      }
    },
    "../packages/plugin-pt15": {
      "name": "@zbsearch/plugin-pt15",
      "version": "3.3.3",
      "license": "Apache-2.0",
      "dependencies": {
        "zbsearch": "workspace:*"
      },
      "devDependencies": {
        "@types/node": "^20.9.0",
        "tap": "^21.0.1",
        "tsup": "^8.5.1",
        "tsx": "^4.19.1",
        "typescript": "^7.0.2"
      }
    },
    "../packages/plugin-pt15/node_modules/@types/node": {
      "resolved": "../node_modules/.pnpm/@types+node@20.19.43/node_modules/@types/node",
      "link": true
    },
    "../packages/plugin-pt15/node_modules/tap": {
      "resolved": "../node_modules/.pnpm/tap@21.7.4_@swc+core@1.15.43_@types+node@20.19.43_@types+react@19.2.17_react-dom@19.2.7_11da484e72193e674ee3ccd9925fc9e5/node_modules/tap",
      "link": true
    },
    "../packages/plugin-pt15/node_modules/tsup": {
      "resolved": "../node_modules/.pnpm/tsup@7.2.0_@swc+core@1.15.43_postcss@8.5.16_typescript@5.9.3/node_modules/tsup",
      "link": true
    },
    "../packages/plugin-pt15/node_modules/tsx": {
      "resolved": "../node_modules/.pnpm/tsx@4.22.4/node_modules/tsx",
      "link": true
    },
    "../packages/plugin-pt15/node_modules/typescript": {
      "resolved": "../node_modules/.pnpm/typescript@5.9.3/node_modules/typescript",
      "link": true
    },
    "../packages/plugin-pt15/node_modules/zbsearch": {
      "resolved": "../packages/zbsearch",
      "link": true
    },
    "../packages/plugin-qps": {
      "name": "@zbsearch/plugin-qps",
      "version": "3.3.3",
      "license": "Apache-2.0",
      "dependencies": {
        "zbsearch": "workspace:*"
      },
      "devDependencies": {
        "@types/node": "^20.9.0",
        "tap": "^21.0.1",
        "tsup": "^8.5.1",
        "tsx": "^4.19.1",
        "typescript": "^7.0.2"
      }
    },
    "../packages/plugin-qps/node_modules/@types/node": {
      "resolved": "../node_modules/.pnpm/@types+node@20.19.43/node_modules/@types/node",
      "link": true
    },
    "../packages/plugin-qps/node_modules/tap": {
      "resolved": "../node_modules/.pnpm/tap@21.7.4_@swc+core@1.15.43_@types+node@20.19.43_@types+react@19.2.17_react-dom@19.2.7_1401d11cbae6694c441528b395897b99/node_modules/tap",
      "link": true
    },
    "../packages/plugin-qps/node_modules/tsup": {
      "resolved": "../node_modules/.pnpm/tsup@7.2.0_@swc+core@1.15.43_postcss@8.5.16_typescript@5.9.3/node_modules/tsup",
      "link": true
    },
    "../packages/plugin-qps/node_modules/tsx": {
      "resolved": "../node_modules/.pnpm/tsx@4.22.4/node_modules/tsx",
      "link": true
    },
    "../packages/plugin-qps/node_modules/typescript": {
      "resolved": "../node_modules/.pnpm/typescript@5.9.3/node_modules/typescript",
      "link": true
    },
    "../packages/plugin-qps/node_modules/zbsearch": {
      "resolved": "../packages/zbsearch",
      "link": true
    },
    "../packages/stemmers": {
      "name": "@zbsearch/stemmers",
      "version": "3.3.3",
      "license": "Apache-2.0",
      "devDependencies": {
        "@swc/core": "^1.3.27"
      },
      "engines": {
        "node": ">= 20.0.0"
      }
    },
    "../packages/stemmers/node_modules/@swc/core": {
      "resolved": "../node_modules/.pnpm/@swc+core@1.15.43/node_modules/@swc/core",
      "link": true
    },
    "../packages/stopwords": {
      "name": "@zbsearch/stopwords",
      "version": "3.3.3",
      "license": "Apache-2.0",
      "devDependencies": {
        "@swc/core": "^1.3.27"
      },
      "engines": {
        "node": ">= 20.0.0"
      }
    },
    "../packages/stopwords/node_modules/@swc/core": {
      "resolved": "../node_modules/.pnpm/@swc+core@1.15.43/node_modules/@swc/core",
      "link": true
    },
    "../packages/zbsearch": {
      "version": "3.3.3",
      "license": "Apache-2.0",
      "devDependencies": {
        "@playwright/test": "^1.29.2",
        "@swc/cli": "^0.1.59",
        "@swc/core": "^1.3.27",
        "@tapjs/core": "^1.5.4",
        "@types/node": "^20.9.0",
        "@types/tap": "^15.0.7",
        "@zbsearch/stemmers": "workspace:*",
        "@zbsearch/stopwords": "workspace:*",
        "auto-changelog": "^2.4.0",
        "c8": "^7.12.0",
        "esbuild": "^0.28.1",
        "glob": "^9.2.3",
        "resolve-import": "^2.4.0",
        "tap": "^18.6.1",
        "tap-mocha-reporter": "^5.0.3",
        "tape": "^5.6.1",
        "tcompare": "^6.0.0",
        "tsd": "^0.33.0",
        "tshy": "^3.0.2",
        "tsx": "^4.20.6",
        "typescript": "^7.0.2"
      },
      "engines": {
        "node": ">= 20.0.0"
      }
    },
    "../packages/zbsearch/node_modules/@playwright/test": {
      "resolved": "../node_modules/.pnpm/@playwright+test@1.61.1/node_modules/@playwright/test",
      "link": true
    },
    "../packages/zbsearch/node_modules/@swc/cli": {
      "resolved": "../node_modules/.pnpm/@swc+cli@0.1.65_@swc+core@1.15.43_chokidar@3.6.0/node_modules/@swc/cli",
      "link": true
    },
    "../packages/zbsearch/node_modules/@swc/core": {
      "resolved": "../node_modules/.pnpm/@swc+core@1.15.43/node_modules/@swc/core",
      "link": true
    },
    "../packages/zbsearch/node_modules/@types/node": {
      "resolved": "../node_modules/.pnpm/@types+node@20.19.43/node_modules/@types/node",
      "link": true
    },
    "../packages/zbsearch/node_modules/@types/tap": {
      "resolved": "../node_modules/.pnpm/@types+tap@15.0.12/node_modules/@types/tap",
      "link": true
    },
    "../packages/zbsearch/node_modules/@zbsearch/stemmers": {
      "resolved": "../packages/stemmers",
      "link": true
    },
    "../packages/zbsearch/node_modules/@zbsearch/stopwords": {
      "resolved": "../packages/stopwords",
      "link": true
    },
    "../packages/zbsearch/node_modules/auto-changelog": {
      "resolved": "../node_modules/.pnpm/auto-changelog@2.6.0/node_modules/auto-changelog",
      "link": true
    },
    "../packages/zbsearch/node_modules/c8": {
      "resolved": "../node_modules/.pnpm/c8@7.14.0/node_modules/c8",
      "link": true
    },
    "../packages/zbsearch/node_modules/glob": {
      "resolved": "../node_modules/.pnpm/glob@9.3.5/node_modules/glob",
      "link": true
    },
    "../packages/zbsearch/node_modules/tap": {
      "resolved": "../node_modules/.pnpm/tap@21.7.4_@swc+core@1.15.43_@types+node@20.19.43_@types+react@19.2.17_react-dom@19.2.7_1401d11cbae6694c441528b395897b99/node_modules/tap",
      "link": true
    },
    "../packages/zbsearch/node_modules/tap-mocha-reporter": {
      "resolved": "../node_modules/.pnpm/tap-mocha-reporter@5.0.4/node_modules/tap-mocha-reporter",
      "link": true
    },
    "../packages/zbsearch/node_modules/tape": {
      "resolved": "../node_modules/.pnpm/tape@5.10.2/node_modules/tape",
      "link": true
    },
    "../packages/zbsearch/node_modules/tcompare": {
      "resolved": "../node_modules/.pnpm/tcompare@6.4.6_react-dom@19.2.7_react@19.2.7__react@19.2.7/node_modules/tcompare",
      "link": true
    },
    "../packages/zbsearch/node_modules/tsd": {
      "resolved": "../node_modules/.pnpm/tsd@0.29.0/node_modules/tsd",
      "link": true
    },
    "../packages/zbsearch/node_modules/tshy": {
      "resolved": "../node_modules/.pnpm/tshy@3.3.2/node_modules/tshy",
      "link": true
    },
    "../packages/zbsearch/node_modules/tsx": {
      "resolved": "../node_modules/.pnpm/tsx@3.14.0/node_modules/tsx",
      "link": true
    },
    "../packages/zbsearch/node_modules/typescript": {
      "resolved": "../node_modules/.pnpm/typescript@5.9.3/node_modules/typescript",
      "link": true
    },
    "node_modules/@esbuild/aix-ppc64": {
      "version": "0.28.1",
      "resolved": "https://registry.npmjs.org/@esbuild/aix-ppc64/-/aix-ppc64-0.28.1.tgz",
      "integrity": "sha512-Svl7tq8k/08+p6CXPpRjQ1fKX+1odH/BQbb48fV6fj3CWHhsoIOoY87w1oHXm0qEpkIK3ZfVgp0hed3XBXzXMQ==",
      "cpu": [
        "ppc64"
      ],
      "dev": true,
      "license": "MIT",
      "optional": true,
      "os": [
        "aix"
      ],
      "engines": {
        "node": ">=18"
      }
    },
    "node_modules/@esbuild/android-arm": {
      "version": "0.28.1",
      "resolved": "https://registry.npmjs.org/@esbuild/android-arm/-/android-arm-0.28.1.tgz",
      "integrity": "sha512-0k2F129Xdio1TdJfzJ8sy1Q47vUD2NnwdhiAf7drUN1EBTfPf4hsFCtmMgu/6m8JSzsBrlmVjudMBQqOfG8usQ==",
      "cpu": [
        "arm"
      ],
      "dev": true,
      "license": "MIT",
      "optional": true,
      "os": [
        "android"
      ],
      "engines": {
        "node": ">=18"
      }
    },
    "node_modules/@esbuild/android-arm64": {
      "version": "0.28.1",
      "resolved": "https://registry.npmjs.org/@esbuild/android-arm64/-/android-arm64-0.28.1.tgz",
      "integrity": "sha512-34EGEbCIAgosYz6goLcopX6Mo7NyGv9tfwEM2/7Ce2VcVRk568iSvniGWcUXIy7wEDR1wzolcxcriFVrWYcwBg==",
      "cpu": [
        "arm64"
      ],
      "dev": true,
      "license": "MIT",
      "optional": true,
      "os": [
        "android"
      ],
      "engines": {
        "node": ">=18"
      }
    },
    "node_modules/@esbuild/android-x64": {
      "version": "0.28.1",
      "resolved": "https://registry.npmjs.org/@esbuild/android-x64/-/android-x64-0.28.1.tgz",
      "integrity": "sha512-dbwY7ltSMDWsRatcRpCnES4F+im88OCUgGZjy52shC7GqHRE/cYlxNbB4Z4UpJswpcc4Qxd2oE/ufM0p61IKng==",
      "cpu": [
        "x64"
      ],
      "dev": true,
      "license": "MIT",
      "optional": true,
      "os": [
        "android"
      ],
      "engines": {
        "node": ">=18"
      }
    },
    "node_modules/@esbuild/darwin-arm64": {
      "version": "0.28.1",
      "resolved": "https://registry.npmjs.org/@esbuild/darwin-arm64/-/darwin-arm64-0.28.1.tgz",
      "integrity": "sha512-TZbWkQY7kvTAXbXUT7uVACR5cMHsDiSz9z7ZKAX/RTq/WJEk3QyRr0wZpNhBDX+/0CtdqUIJlOiodQcta6tY3Q==",
      "cpu": [
        "arm64"
      ],
      "dev": true,
      "license": "MIT",
      "optional": true,
      "os": [
        "darwin"
      ],
      "engines": {
        "node": ">=18"
      }
    },
    "node_modules/@esbuild/darwin-x64": {
      "version": "0.28.1",
      "resolved": "https://registry.npmjs.org/@esbuild/darwin-x64/-/darwin-x64-0.28.1.tgz",
      "integrity": "sha512-zfdzgK9ACBNZLI/CyHTOx81SyNbM6YXn7rxSgX97VjyiPl9W1i4Ka4fgKECEoFCKGpvBj5qArWIGgQjOwkgskQ==",
      "cpu": [
        "x64"
      ],
      "dev": true,
      "license": "MIT",
      "optional": true,
      "os": [
        "darwin"
      ],
      "engines": {
        "node": ">=18"
      }
    },
    "node_modules/@esbuild/freebsd-arm64": {
      "version": "0.28.1",
      "resolved": "https://registry.npmjs.org/@esbuild/freebsd-arm64/-/freebsd-arm64-0.28.1.tgz",
      "integrity": "sha512-wG2EA8ENdEI0qhkSZMjfqrdY+ziCYCPMmtZjjIwOmXFjmyzEHn+UUxk5of+SYsjtfs3VpnlC7QLzSI5hY/rOAw==",
      "cpu": [
        "arm64"
      ],
      "dev": true,
      "license": "MIT",
      "optional": true,
      "os": [
        "freebsd"
      ],
      "engines": {
        "node": ">=18"
      }
    },
    "node_modules/@esbuild/freebsd-x64": {
      "version": "0.28.1",
      "resolved": "https://registry.npmjs.org/@esbuild/freebsd-x64/-/freebsd-x64-0.28.1.tgz",
      "integrity": "sha512-i7dZ9vQgnvSCzi/rYCXNgtF/U+eKZNJBzu3eTQbRgHnM7tNSizLOkRFAl3qzVc/Op/u5YkHHa4pf/3DOYHthLQ==",
      "cpu": [
        "x64"
      ],
      "dev": true,
      "license": "MIT",
      "optional": true,
      "os": [
        "freebsd"
      ],
      "engines": {
        "node": ">=18"
      }
    },
    "node_modules/@esbuild/linux-arm": {
      "version": "0.28.1",
      "resolved": "https://registry.npmjs.org/@esbuild/linux-arm/-/linux-arm-0.28.1.tgz",
      "integrity": "sha512-qVXBOHQS+d5Y722GwJzJUtOLlX7km3CraOaGormF1pDtPd2C/l1SHRPgjLunLGe51Sh5YYWKMFDyV4SxgMQYTQ==",
      "cpu": [
        "arm"
      ],
      "dev": true,
      "license": "MIT",
      "optional": true,
      "os": [
        "linux"
      ],
      "engines": {
        "node": ">=18"
      }
    },
    "node_modules/@esbuild/linux-arm64": {
      "version": "0.28.1",
      "resolved": "https://registry.npmjs.org/@esbuild/linux-arm64/-/linux-arm64-0.28.1.tgz",
      "integrity": "sha512-yHs+0uc8+nvEAfAfxrWQKK5peSNzBc4PegcMO0EJ2hT71uA7vB8Ihg2e77R2P7SG5uYjPbHlLLmve4LLLRCf0g==",
      "cpu": [
        "arm64"
      ],
      "dev": true,
      "license": "MIT",
      "optional": true,
      "os": [
        "linux"
      ],
      "engines": {
        "node": ">=18"
      }
    },
    "node_modules/@esbuild/linux-ia32": {
      "version": "0.28.1",
      "resolved": "https://registry.npmjs.org/@esbuild/linux-ia32/-/linux-ia32-0.28.1.tgz",
      "integrity": "sha512-d1z4ZuP0ajrfz/FhGT4vv278rX8KnPPJx8i5+AtK7TYbx9Le9F1hyzurZpkEyjkGa9dUGhQow4C1NmeGvqxN2w==",
      "cpu": [
        "ia32"
      ],
      "dev": true,
      "license": "MIT",
      "optional": true,
      "os": [
        "linux"
      ],
      "engines": {
        "node": ">=18"
      }
    },
    "node_modules/@esbuild/linux-loong64": {
      "version": "0.28.1",
      "resolved": "https://registry.npmjs.org/@esbuild/linux-loong64/-/linux-loong64-0.28.1.tgz",
      "integrity": "sha512-M5sRjUVZrkm1OAPR3dlOYzNmN+loZKGVi1VUQGrwuqLcbR6qeAz+famMhjASeH3YVKvZz+zT1jlh/keC3Rj/lg==",
      "cpu": [
        "loong64"
      ],
      "dev": true,
      "license": "MIT",
      "optional": true,
      "os": [
        "linux"
      ],
      "engines": {
        "node": ">=18"
      }
    },
    "node_modules/@esbuild/linux-mips64el": {
      "version": "0.28.1",
      "resolved": "https://registry.npmjs.org/@esbuild/linux-mips64el/-/linux-mips64el-0.28.1.tgz",
      "integrity": "sha512-mRObBZeHh2OxcBFPWE/FjylkRgZdYuiTR3vaTozquCGOH14iP9oN4x4Ge81CoIDYQrXmIxpFumJBu5MtZpnQJQ==",
      "cpu": [
        "mips64el"
      ],
      "dev": true,
      "license": "MIT",
      "optional": true,
      "os": [
        "linux"
      ],
      "engines": {
        "node": ">=18"
      }
    },
    "node_modules/@esbuild/linux-ppc64": {
      "version": "0.28.1",
      "resolved": "https://registry.npmjs.org/@esbuild/linux-ppc64/-/linux-ppc64-0.28.1.tgz",
      "integrity": "sha512-slScBsMAb3GFDcdrCgLwZtPYRoH2H/youv10QiZyRjmsP48fznoveWytSgCI/R0ZcUgpc0ZhIUEx6LHts8yrfQ==",
      "cpu": [
        "ppc64"
      ],
      "dev": true,
      "license": "MIT",
      "optional": true,
      "os": [
        "linux"
      ],
      "engines": {
        "node": ">=18"
      }
    },
    "node_modules/@esbuild/linux-riscv64": {
      "version": "0.28.1",
      "resolved": "https://registry.npmjs.org/@esbuild/linux-riscv64/-/linux-riscv64-0.28.1.tgz",
      "integrity": "sha512-kw0owk1o0GFETUJyW0jc0G4Yzs0BHZn0JDZ8JRT088vjJYX777BAs1fDGxAC+q831qOs2DTC96mNsG2opdfyyQ==",
      "cpu": [
        "riscv64"
      ],
      "dev": true,
      "license": "MIT",
      "optional": true,
      "os": [
        "linux"
      ],
      "engines": {
        "node": ">=18"
      }
    },
    "node_modules/@esbuild/linux-s390x": {
      "version": "0.28.1",
      "resolved": "https://registry.npmjs.org/@esbuild/linux-s390x/-/linux-s390x-0.28.1.tgz",
      "integrity": "sha512-/lAIjX8aYFRByhh6L5rYtPEDRqa9de/4V/juOXcta5frjvzXO4/sqEtyytse0g3zZFuWu5cDN0MkLz2qRDD2Ag==",
      "cpu": [
        "s390x"
      ],
      "dev": true,
      "license": "MIT",
      "optional": true,
      "os": [
        "linux"
      ],
      "engines": {
        "node": ">=18"
      }
    },
    "node_modules/@esbuild/linux-x64": {
      "version": "0.28.1",
      "resolved": "https://registry.npmjs.org/@esbuild/linux-x64/-/linux-x64-0.28.1.tgz",
      "integrity": "sha512-u/anNYF2mmVOEDwLtnQ1wOr3EZ9sTNGLWrsYGYwHWzGA3Si84IOkHXlbWTD1NB+9/1lcnweYKO54uhxZydNzfA==",
      "cpu": [
        "x64"
      ],
      "dev": true,
      "license": "MIT",
      "optional": true,
      "os": [
        "linux"
      ],
      "engines": {
        "node": ">=18"
      }
    },
    "node_modules/@esbuild/netbsd-arm64": {
      "version": "0.28.1",
      "resolved": "https://registry.npmjs.org/@esbuild/netbsd-arm64/-/netbsd-arm64-0.28.1.tgz",
      "integrity": "sha512-oks0DYbLwWMmaakTsCb+zL4E+aHRVLom9IJZOAthMQEPiQmydXHkziYEsGYRx0uNV/IjEKGAV941JzH02pflqw==",
      "cpu": [
        "arm64"
      ],
      "dev": true,
      "license": "MIT",
      "optional": true,
      "os": [
        "netbsd"
      ],
      "engines": {
        "node": ">=18"
      }
    },
    "node_modules/@esbuild/netbsd-x64": {
      "version": "0.28.1",
      "resolved": "https://registry.npmjs.org/@esbuild/netbsd-x64/-/netbsd-x64-0.28.1.tgz",
      "integrity": "sha512-aeL6lAnN89Hz43Mlh1G8ARasbuoYvSITDEx0tHh5b7jJnHcssqgjy9Yx430GDpmCa6OyrKoS0aNRjKundRizGg==",
      "cpu": [
        "x64"
      ],
      "dev": true,
      "license": "MIT",
      "optional": true,
      "os": [
        "netbsd"
      ],
      "engines": {
        "node": ">=18"
      }
    },
    "node_modules/@esbuild/openbsd-arm64": {
      "version": "0.28.1",
      "resolved": "https://registry.npmjs.org/@esbuild/openbsd-arm64/-/openbsd-arm64-0.28.1.tgz",
      "integrity": "sha512-MEFJe5C3R8pwXdZ5Y21oo6m7ePiS0d9pWucn99O/wvyJZChoIQKrQDxKrGeW8F5+T0okTHesAmDeiHDTIq0V/Q==",
      "cpu": [
        "arm64"
      ],
      "dev": true,
      "license": "MIT",
      "optional": true,
      "os": [
        "openbsd"
      ],
      "engines": {
        "node": ">=18"
      }
    },
    "node_modules/@esbuild/openbsd-x64": {
      "version": "0.28.1",
      "resolved": "https://registry.npmjs.org/@esbuild/openbsd-x64/-/openbsd-x64-0.28.1.tgz",
      "integrity": "sha512-i/ZLIOafE0Z8cI/XANJAixoJL/uRAoS2xOA3rb0xN+KK0K177cMAsQYkzHtBrtMXAKuAc7HGgcWiZ/sRC1Nxgw==",
      "cpu": [
        "x64"
      ],
      "dev": true,
      "license": "MIT",
      "optional": true,
      "os": [
        "openbsd"
      ],
      "engines": {
        "node": ">=18"
      }
    },
    "node_modules/@esbuild/openharmony-arm64": {
      "version": "0.28.1",
      "resolved": "https://registry.npmjs.org/@esbuild/openharmony-arm64/-/openharmony-arm64-0.28.1.tgz",
      "integrity": "sha512-ge+Z7EXFNt2BO1oAMsVpiQ8EwndV9i1xXerAeTIK7AtPs3bKFXQM7nlRxDSIUIMeueR1CNXxqztLzdNeReKBJg==",
      "cpu": [
        "arm64"
      ],
      "dev": true,
      "license": "MIT",
      "optional": true,
      "os": [
        "openharmony"
      ],
      "engines": {
        "node": ">=18"
      }
    },
    "node_modules/@esbuild/sunos-x64": {
      "version": "0.28.1",
      "resolved": "https://registry.npmjs.org/@esbuild/sunos-x64/-/sunos-x64-0.28.1.tgz",
      "integrity": "sha512-BEjgtECkL3vY+SaSQ6nzVfiALUeFxpawyp8Jmf5PtYhf1Ug40N1h/hxlhts+f1FvSvarEigdxS3BlSMI2PJLcQ==",
      "cpu": [
        "x64"
      ],
      "dev": true,
      "license": "MIT",
      "optional": true,
      "os": [
        "sunos"
      ],
      "engines": {
        "node": ">=18"
      }
    },
    "node_modules/@esbuild/win32-arm64": {
      "version": "0.28.1",
      "resolved": "https://registry.npmjs.org/@esbuild/win32-arm64/-/win32-arm64-0.28.1.tgz",
      "integrity": "sha512-lCv9eK/H6ZJWbE7bh2nw54CZ9M2nupBxJcTsdk/QQnWkdSjKGuxmmH8/GWrlT1eMmZfn4dGcCjRte397WqfQXA==",
      "cpu": [
        "arm64"
      ],
      "dev": true,
      "license": "MIT",
      "optional": true,
      "os": [
        "win32"
      ],
      "engines": {
        "node": ">=18"
      }
    },
    "node_modules/@esbuild/win32-ia32": {
      "version": "0.28.1",
      "resolved": "https://registry.npmjs.org/@esbuild/win32-ia32/-/win32-ia32-0.28.1.tgz",
      "integrity": "sha512-zvb/mB2bSCoJOpoCBgYKKpX6YM6mJBlBUVUtVj41DlZJVEB6/0CKlRYxP5wWl1C1ILiCoAU5wZZ4q1P3qeS6Eg==",
      "cpu": [
        "ia32"
      ],
      "dev": true,
      "license": "MIT",
      "optional": true,
      "os": [
        "win32"
      ],
      "engines": {
        "node": ">=18"
      }
    },
    "node_modules/@esbuild/win32-x64": {
      "version": "0.28.1",
      "resolved": "https://registry.npmjs.org/@esbuild/win32-x64/-/win32-x64-0.28.1.tgz",
      "integrity": "sha512-bm4Mowrv+GXMlpWX++EcXw/iLyd1o3+bJkC2DkWXYVvgZCqD/bSj9ctZeAMC3cIxgjRVR2Dufaiu4YPxr5gW1A==",
      "cpu": [
        "x64"
      ],
      "dev": true,
      "license": "MIT",
      "optional": true,
      "os": [
        "win32"
      ],
      "engines": {
        "node": ">=18"
      }
    },
    "node_modules/@orama/orama": {
      "version": "3.1.18",
      "resolved": "https://registry.npmjs.org/@orama/orama/-/orama-3.1.18.tgz",
      "integrity": "sha512-a61ljmRVVyG5MC/698C8/FfFDw5a8LOIvyOLW5fztgUXqUpc1jOfQzOitSCbge657OgXXThmY3Tk8fpiDb4UcA==",
      "license": "Apache-2.0",
      "engines": {
        "node": ">= 20.0.0"
      }
    },
    "node_modules/@zbsearch/plugin-pt15": {
      "resolved": "../packages/plugin-pt15",
      "link": true
    },
    "node_modules/@zbsearch/plugin-qps": {
      "resolved": "../packages/plugin-qps",
      "link": true
    },
    "node_modules/@zbsearch/stemmers": {
      "resolved": "../packages/stemmers",
      "link": true
    },
    "node_modules/@zbsearch/stopwords": {
      "resolved": "../packages/stopwords",
      "link": true
    },
    "node_modules/benny": {
      "resolved": "../node_modules/.pnpm/benny@3.7.1/node_modules/benny",
      "link": true
    },
    "node_modules/esbuild": {
      "version": "0.28.1",
      "resolved": "https://registry.npmjs.org/esbuild/-/esbuild-0.28.1.tgz",
      "integrity": "sha512-HrJrvZv5ayxBzPfwphOoNzkzOIIlifzk0KJrGK2c8R4+LKpMtpYLQeUdjnwjWv/LZlkH2laZk+4w78pi99D4Vw==",
      "dev": true,
      "hasInstallScript": true,
      "license": "MIT",
      "bin": {
        "esbuild": "bin/esbuild"
      },
      "engines": {
        "node": ">=18"
      },
      "optionalDependencies": {
        "@esbuild/aix-ppc64": "0.28.1",
        "@esbuild/android-arm": "0.28.1",
        "@esbuild/android-arm64": "0.28.1",
        "@esbuild/android-x64": "0.28.1",
        "@esbuild/darwin-arm64": "0.28.1",
        "@esbuild/darwin-x64": "0.28.1",
        "@esbuild/freebsd-arm64": "0.28.1",
        "@esbuild/freebsd-x64": "0.28.1",
        "@esbuild/linux-arm": "0.28.1",
        "@esbuild/linux-arm64": "0.28.1",
        "@esbuild/linux-ia32": "0.28.1",
        "@esbuild/linux-loong64": "0.28.1",
        "@esbuild/linux-mips64el": "0.28.1",
        "@esbuild/linux-ppc64": "0.28.1",
        "@esbuild/linux-riscv64": "0.28.1",
        "@esbuild/linux-s390x": "0.28.1",
        "@esbuild/linux-x64": "0.28.1",
        "@esbuild/netbsd-arm64": "0.28.1",
        "@esbuild/netbsd-x64": "0.28.1",
        "@esbuild/openbsd-arm64": "0.28.1",
        "@esbuild/openbsd-x64": "0.28.1",
        "@esbuild/openharmony-arm64": "0.28.1",
        "@esbuild/sunos-x64": "0.28.1",
        "@esbuild/win32-arm64": "0.28.1",
        "@esbuild/win32-ia32": "0.28.1",
        "@esbuild/win32-x64": "0.28.1"
      }
    },
    "node_modules/flexsearch": {
      "version": "0.8.212",
      "resolved": "https://registry.npmjs.org/flexsearch/-/flexsearch-0.8.212.tgz",
      "integrity": "sha512-wSyJr1GUWoOOIISRu+X2IXiOcVfg9qqBRyCPRUdLMIGJqPzMo+jMRlvE83t14v1j0dRMEaBbER/adQjp6Du2pw==",
      "funding": [
        {
          "type": "github",
          "url": "https://github.com/ts-thomas"
        },
        {
          "type": "paypal",
          "url": "https://www.paypal.com/donate/?hosted_button_id=GEVR88FC9BWRW"
        },
        {
          "type": "opencollective",
          "url": "https://opencollective.com/flexsearch"
        },
        {
          "type": "patreon",
          "url": "https://patreon.com/user?u=96245532"
        },
        {
          "type": "liberapay",
          "url": "https://liberapay.com/ts-thomas"
        }
      ],
      "license": "Apache-2.0"
    },
    "node_modules/fuse.js": {
      "version": "7.5.0",
      "resolved": "https://registry.npmjs.org/fuse.js/-/fuse.js-7.5.0.tgz",
      "integrity": "sha512-sQtrEfA+ez/3G0cCZecF70oqpCRttCexYUG4mUrtWL49ULUzUyxokt5kyqwtKzj1270RaKih+hcP3qLcumccow==",
      "license": "Apache-2.0",
      "engines": {
        "node": ">=10"
      },
      "funding": {
        "type": "github",
        "url": "https://github.com/sponsors/krisk"
      }
    },
    "node_modules/lunr": {
      "version": "2.3.9",
      "resolved": "https://registry.npmjs.org/lunr/-/lunr-2.3.9.tgz",
      "integrity": "sha512-zTU3DaZaF3Rt9rhN3uBMGQD3dD2/vFQqnvZCDv4dl5iOzq2IZQqTxu90r4E5J+nP70J3ilqVCrbho2eWaeW8Ow==",
      "license": "MIT"
    },
    "node_modules/minisearch": {
      "version": "7.2.0",
      "resolved": "https://registry.npmjs.org/minisearch/-/minisearch-7.2.0.tgz",
      "integrity": "sha512-dqT2XBYUOZOiC5t2HRnwADjhNS2cecp9u+TJRiJ1Qp/f5qjkeT5APcGPjHw+bz89Ms8Jp+cG4AlE+QZ/QnDglg==",
      "license": "MIT"
    },
    "node_modules/zbsearch": {
      "resolved": "../packages/zbsearch",
      "link": true
    }
  }
}
